
Microsoft Visual Studio Solution File, Format Version 12.00
# Visual Studio Version 16
VisualStudioVersion = 16.0.28803.202
MinimumVisualStudioVersion = 10.0.40219.1
Project("{FAE04EC0-301F-11D3-BF4B-00C04F79EFBC}") = "bookmark-issue-55", "bookmark-issue-55\bookmark-issue-55.csproj", "{F41FB8B6-5BD5-439F-86D1-09FC2F24CDC5}"
EndProject
Project("{FAE04EC0-301F-11D3-BF4B-00C04F79EFBC}") = "bookmark-issue-55-core", "bookmark-issue-55-core\bookmark-issue-55-core.csproj", "{51BAF341-B390-49F6-84C2-B4DEB7F4D6D2}"
EndProject
Global
	GlobalSection(SolutionConfigurationPlatforms) = preSolution
		Debug|Any CPU = Debug|Any CPU
		Release|Any CPU = Release|Any CPU
	EndGlobalSection
	GlobalSection(ProjectConfigurationPlatforms) = postSolution
		{F41FB8B6-5BD5-439F-86D1-09FC2F24CDC5}.Debug|Any CPU.ActiveCfg = Debug|Any CPU
		{F41FB8B6-5BD5-439F-86D1-09FC2F24CDC5}.Debug|Any CPU.Build.0 = Debug|Any CPU
		{F41FB8B6-5BD5-439F-86D1-09FC2F24CDC5}.Release|Any CPU.ActiveCfg = Release|Any CPU
		{F41FB8B6-5BD5-439F-86D1-09FC2F24CDC5}.Release|Any CPU.Build.0 = Release|Any CPU
		{51BAF341-B390-49F6-84C2-B4DEB7F4D6D2}.Debug|Any CPU.ActiveCfg = Debug|Any CPU
		{51BAF341-B390-49F6-84C2-B4DEB7F4D6D2}.Debug|Any CPU.Build.0 = Debug|Any CPU
		{51BAF341-B390-49F6-84C2-B4DEB7F4D6D2}.Release|Any CPU.ActiveCfg = Release|Any CPU
		{51BAF341-B390-49F6-84C2-B4DEB7F4D6D2}.Release|Any CPU.Build.0 = Release|Any CPU
	EndGlobalSection
	GlobalSection(SolutionProperties) = preSolution
		HideSolutionNode = FALSE
	EndGlobalSection
	GlobalSection(ExtensibilityGlobals) = postSolution
		SolutionGuid = {05653F24-40CD-48C4-93B8-4B9277386FB6}
	EndGlobalSection
EndGlobal
